
Microsoft Visual Studio Solution File, Format Version 12.00
# Visual Studio Version 17
VisualStudioVersion = 17.12.35527.113 d17.12
MinimumVisualStudioVersion = 10.0.40219.1
Project("{FAE04EC0-301F-11D3-BF4B-00C04F79EFBC}") = "MauiTempConverter", "MauiTempConverter\MauiTempConverter.csproj", "{5C7BAC37-4E17-4BC2-98AA-95F6E0020A28}"
EndProject
Global
	GlobalSection(SolutionConfigurationPlatforms) = preSolution
		Debug|Any CPU = Debug|Any CPU
		Release|Any CPU = Release|Any CPU
	EndGlobalSection
	GlobalSection(ProjectConfigurationPlatforms) = postSolution
		{5C7BAC37-4E17-4BC2-98AA-95F6E0020A28}.Debug|Any CPU.ActiveCfg = Debug|Any CPU
		{5C7BAC37-4E17-4BC2-98AA-95F6E0020A28}.Debug|Any CPU.Build.0 = Debug|Any CPU
		{5C7BAC37-4E17-4BC2-98AA-95F6E0020A28}.Release|Any CPU.ActiveCfg = Release|Any CPU
		{5C7BAC37-4E17-4BC2-98AA-95F6E0020A28}.Release|Any CPU.Build.0 = Release|Any CPU
	EndGlobalSection
	GlobalSection(SolutionProperties) = preSolution
		HideSolutionNode = FALSE
	EndGlobalSection
EndGlobal
